
Microsoft Visual Studio Solution File, Format Version 12.00
# Visual Studio 15
VisualStudioVersion = 15.0.26621.2
MinimumVisualStudioVersion = 10.0.40219.1
Project("{9A19103F-16F7-4668-BE54-9A1E7A4F7556}") = "jsreport.Local", "jsreport.Local\jsreport.Local.csproj", "{00CDECE0-B986-412A-BDA5-4FDFC344AE03}"
EndProject
Project("{FAE04EC0-301F-11D3-BF4B-00C04F79EFBC}") = "jsreport.Local.Test", "jsreport.Local.Test\jsreport.Local.Test.csproj", "{996054D8-F2F0-4CC4-8FB7-74A7BC86A335}"
EndProject
Global
	GlobalSection(SolutionConfigurationPlatforms) = preSolution
		Debug|Any CPU = Debug|Any CPU
		Release|Any CPU = Release|Any CPU
	EndGlobalSection
	GlobalSection(ProjectConfigurationPlatforms) = postSolution
		{00CDECE0-B986-412A-BDA5-4FDFC344AE03}.Debug|Any CPU.ActiveCfg = Debug|Any CPU
		{00CDECE0-B986-412A-BDA5-4FDFC344AE03}.Debug|Any CPU.Build.0 = Debug|Any CPU
		{00CDECE0-B986-412A-BDA5-4FDFC344AE03}.Release|Any CPU.ActiveCfg = Release|Any CPU
		{00CDECE0-B986-412A-BDA5-4FDFC344AE03}.Release|Any CPU.Build.0 = Release|Any CPU
		{996054D8-F2F0-4CC4-8FB7-74A7BC86A335}.Debug|Any CPU.ActiveCfg = Debug|Any CPU
		{996054D8-F2F0-4CC4-8FB7-74A7BC86A335}.Debug|Any CPU.Build.0 = Debug|Any CPU
		{996054D8-F2F0-4CC4-8FB7-74A7BC86A335}.Release|Any CPU.ActiveCfg = Release|Any CPU
		{996054D8-F2F0-4CC4-8FB7-74A7BC86A335}.Release|Any CPU.Build.0 = Release|Any CPU
	EndGlobalSection
	GlobalSection(SolutionProperties) = preSolution
		HideSolutionNode = FALSE
	EndGlobalSection
	GlobalSection(ExtensibilityGlobals) = postSolution
		SolutionGuid = {DD72B6A2-008C-47AA-904C-F0826DB7DFC8}
	EndGlobalSection
EndGlobal
